
Microsoft Visual Studio Solution File, Format Version 12.00
# Visual Studio Version 16
VisualStudioVersion = 16.0.29519.87
MinimumVisualStudioVersion = 10.0.40219.1
Project("{F184B08F-C81C-45F6-A57F-5ABD9991F28F}") = "PF_Eq00_Farmacia", "PF_Eq00_Farmacia.vbproj", "{CD8E53D2-B177-494B-AE08-1CEEF98E43D7}"
EndProject
Project("{F184B08F-C81C-45F6-A57F-5ABD9991F28F}") = "BLL", "..\BLL\BLL.vbproj", "{D9C135F1-EA9C-4009-9E43-6290DCB0AA72}"
EndProject
Project("{F184B08F-C81C-45F6-A57F-5ABD9991F28F}") = "DAL", "..\DAL\DAL.vbproj", "{EFE66717-AC42-4766-94E3-4C2A7A8AD74E}"
EndProject
Project("{F184B08F-C81C-45F6-A57F-5ABD9991F28F}") = "LayerEntity", "..\LayerEntity\LayerEntity.vbproj", "{5DF2EC68-DF2E-4B68-AE3D-F05B3A836D03}"
EndProject
Global
	GlobalSection(SolutionConfigurationPlatforms) = preSolution
		Debug|Any CPU = Debug|Any CPU
		Release|Any CPU = Release|Any CPU
	EndGlobalSection
	GlobalSection(ProjectConfigurationPlatforms) = postSolution
		{CD8E53D2-B177-494B-AE08-1CEEF98E43D7}.Debug|Any CPU.ActiveCfg = Debug|Any CPU
		{CD8E53D2-B177-494B-AE08-1CEEF98E43D7}.Debug|Any CPU.Build.0 = Debug|Any CPU
		{CD8E53D2-B177-494B-AE08-1CEEF98E43D7}.Release|Any CPU.ActiveCfg = Release|Any CPU
		{CD8E53D2-B177-494B-AE08-1CEEF98E43D7}.Release|Any CPU.Build.0 = Release|Any CPU
		{D9C135F1-EA9C-4009-9E43-6290DCB0AA72}.Debug|Any CPU.ActiveCfg = Debug|Any CPU
		{D9C135F1-EA9C-4009-9E43-6290DCB0AA72}.Debug|Any CPU.Build.0 = Debug|Any CPU
		{D9C135F1-EA9C-4009-9E43-6290DCB0AA72}.Release|Any CPU.ActiveCfg = Release|Any CPU
		{D9C135F1-EA9C-4009-9E43-6290DCB0AA72}.Release|Any CPU.Build.0 = Release|Any CPU
		{EFE66717-AC42-4766-94E3-4C2A7A8AD74E}.Debug|Any CPU.ActiveCfg = Debug|Any CPU
		{EFE66717-AC42-4766-94E3-4C2A7A8AD74E}.Debug|Any CPU.Build.0 = Debug|Any CPU
		{EFE66717-AC42-4766-94E3-4C2A7A8AD74E}.Release|Any CPU.ActiveCfg = Release|Any CPU
		{EFE66717-AC42-4766-94E3-4C2A7A8AD74E}.Release|Any CPU.Build.0 = Release|Any CPU
		{5DF2EC68-DF2E-4B68-AE3D-F05B3A836D03}.Debug|Any CPU.ActiveCfg = Debug|Any CPU
		{5DF2EC68-DF2E-4B68-AE3D-F05B3A836D03}.Debug|Any CPU.Build.0 = Debug|Any CPU
		{5DF2EC68-DF2E-4B68-AE3D-F05B3A836D03}.Release|Any CPU.ActiveCfg = Release|Any CPU
		{5DF2EC68-DF2E-4B68-AE3D-F05B3A836D03}.Release|Any CPU.Build.0 = Release|Any CPU
	EndGlobalSection
	GlobalSection(SolutionProperties) = preSolution
		HideSolutionNode = FALSE
	EndGlobalSection
	GlobalSection(ExtensibilityGlobals) = postSolution
		SolutionGuid = {0711F3CB-2C11-42AA-8950-B361D6B3255F}
	EndGlobalSection
EndGlobal
